
Microsoft Visual Studio Solution File, Format Version 12.00
# Visual Studio Version 16
VisualStudioVersion = 16.0.31410.223
MinimumVisualStudioVersion = 10.0.40219.1
Project("{FAE04EC0-301F-11D3-BF4B-00C04F79EFBC}") = "TamagotchiConsola", "TamagotchiConsola\TamagotchiConsola.csproj", "{51E708F2-6C24-443A-A706-F2405FA619B2}"
EndProject
Project("{FAE04EC0-301F-11D3-BF4B-00C04F79EFBC}") = "WindowsFormsApp1", "WindowsFormsApp1\WindowsFormsApp1.csproj", "{0506B5CF-6981-4352-BBD3-05E11CA1ED8A}"
EndProject
Global
	GlobalSection(SolutionConfigurationPlatforms) = preSolution
		Debug|Any CPU = Debug|Any CPU
		Release|Any CPU = Release|Any CPU
	EndGlobalSection
	GlobalSection(ProjectConfigurationPlatforms) = postSolution
		{51E708F2-6C24-443A-A706-F2405FA619B2}.Debug|Any CPU.ActiveCfg = Debug|Any CPU
		{51E708F2-6C24-443A-A706-F2405FA619B2}.Debug|Any CPU.Build.0 = Debug|Any CPU
		{51E708F2-6C24-443A-A706-F2405FA619B2}.Release|Any CPU.ActiveCfg = Release|Any CPU
		{51E708F2-6C24-443A-A706-F2405FA619B2}.Release|Any CPU.Build.0 = Release|Any CPU
		{0506B5CF-6981-4352-BBD3-05E11CA1ED8A}.Debug|Any CPU.ActiveCfg = Debug|Any CPU
		{0506B5CF-6981-4352-BBD3-05E11CA1ED8A}.Debug|Any CPU.Build.0 = Debug|Any CPU
		{0506B5CF-6981-4352-BBD3-05E11CA1ED8A}.Release|Any CPU.ActiveCfg = Release|Any CPU
		{0506B5CF-6981-4352-BBD3-05E11CA1ED8A}.Release|Any CPU.Build.0 = Release|Any CPU
	EndGlobalSection
	GlobalSection(SolutionProperties) = preSolution
		HideSolutionNode = FALSE
	EndGlobalSection
	GlobalSection(ExtensibilityGlobals) = postSolution
		SolutionGuid = {DBF20961-198E-4F5B-9D01-31F0783D5854}
	EndGlobalSection
EndGlobal
